
Microsoft Visual Studio Solution File, Format Version 12.00
# Visual Studio Version 17
VisualStudioVersion = 17.1.32228.430
MinimumVisualStudioVersion = 10.0.40219.1
Project("{FAE04EC0-301F-11D3-BF4B-00C04F79EFBC}") = "Server", "Server\Server.csproj", "{D7352D49-34CB-4BBF-9EF7-215D643DCF10}"
EndProject
Global
	GlobalSection(SolutionConfigurationPlatforms) = preSolution
		Debug|Any CPU = Debug|Any CPU
		Release|Any CPU = Release|Any CPU
	EndGlobalSection
	GlobalSection(ProjectConfigurationPlatforms) = postSolution
		{D7352D49-34CB-4BBF-9EF7-215D643DCF10}.Debug|Any CPU.ActiveCfg = Debug|Any CPU
		{D7352D49-34CB-4BBF-9EF7-215D643DCF10}.Debug|Any CPU.Build.0 = Debug|Any CPU
		{D7352D49-34CB-4BBF-9EF7-215D643DCF10}.Release|Any CPU.ActiveCfg = Release|Any CPU
		{D7352D49-34CB-4BBF-9EF7-215D643DCF10}.Release|Any CPU.Build.0 = Release|Any CPU
	EndGlobalSection
	GlobalSection(SolutionProperties) = preSolution
		HideSolutionNode = FALSE
	EndGlobalSection
	GlobalSection(ExtensibilityGlobals) = postSolution
		SolutionGuid = {080AAB02-A4A4-4506-85E0-6E4CAC60D1C5}
	EndGlobalSection
EndGlobal
